// !$*UTF8*$!
{
	archiveVersion = 1;
	classes = {
	};
	objectVersion = 50;
	objects = {

/* Begin PBXBuildFile section */
		19C2E0E2247AC0E800E46A1B /* InsultManager.swift in Sources */ = {isa = PBXBuildFile; fileRef = 19C2E0E1247AC0E800E46A1B /* InsultManager.swift */; };
		72A27F2B2474110400454578 /* CategoryManager.swift in Sources */ = {isa = PBXBuildFile; fileRef = 72A27F2A2474110400454578 /* CategoryManager.swift */; };
		72C0CEBC2481365600363A1A /* Taunt_troll troll troll_LittleGirlGamer-www.FesliyanStudios.com.mp3 in Resources */ = {isa = PBXBuildFile; fileRef = 72C0CEAA2481365600363A1A /* Taunt_troll troll troll_LittleGirlGamer-www.FesliyanStudios.com.mp3 */; };
		72C0CEBD2481365600363A1A /* Taunt__You got pwned_LittleGirlGamer-www.FesliyanStudios.com.mp3 in Resources */ = {isa = PBXBuildFile; fileRef = 72C0CEAB2481365600363A1A /* Taunt__You got pwned_LittleGirlGamer-www.FesliyanStudios.com.mp3 */; };
		72C0CEBE2481365600363A1A /* Funny-Scream-A1-www.fesliyanstudios.com.mp3 in Resources */ = {isa = PBXBuildFile; fileRef = 72C0CEAC2481365600363A1A /* Funny-Scream-A1-www.fesliyanstudios.com.mp3 */; };
		72C0CEBF2481365600363A1A /* Sad-Trombone-A1-www.fesliyanstudios.com.mp3 in Resources */ = {isa = PBXBuildFile; fileRef = 72C0CEAD2481365600363A1A /* Sad-Trombone-A1-www.fesliyanstudios.com.mp3 */; };
		72C0CEC02481365600363A1A /* Taunt_you got rekt_LittleGirlGamer-www.FesliyanStudios.com.mp3 in Resources */ = {isa = PBXBuildFile; fileRef = 72C0CEAE2481365600363A1A /* Taunt_you got rekt_LittleGirlGamer-www.FesliyanStudios.com.mp3 */; };
		72C0CEC12481365600363A1A /* Pig-Squealing-A-www.fesliyanstudios.com.mp3 in Resources */ = {isa = PBXBuildFile; fileRef = 72C0CEAF2481365600363A1A /* Pig-Squealing-A-www.fesliyanstudios.com.mp3 */; };
		72C0CEC22481365600363A1A /* soundsilk-cricket-chirp.mp3 in Resources */ = {isa = PBXBuildFile; fileRef = 72C0CEB02481365600363A1A /* soundsilk-cricket-chirp.mp3 */; };
		72C0CEC32481365600363A1A /* soundsilk-buzzer-wrong-answer.mp3 in Resources */ = {isa = PBXBuildFile; fileRef = 72C0CEB12481365600363A1A /* soundsilk-buzzer-wrong-answer.mp3 */; };
		72C0CEC42481365600363A1A /* Ask your gramma_LittleGirlGamer-www.FesliyanStudios.com.mp3 in Resources */ = {isa = PBXBuildFile; fileRef = 72C0CEB22481365600363A1A /* Ask your gramma_LittleGirlGamer-www.FesliyanStudios.com.mp3 */; };
		72C0CEC52481365600363A1A /* Crowd-Insult-B1-www.fesliyanstudios.com.mp3 in Resources */ = {isa = PBXBuildFile; fileRef = 72C0CEB32481365600363A1A /* Crowd-Insult-B1-www.fesliyanstudios.com.mp3 */; };
		72C0CEC62481365600363A1A /* Taunt_Time to rage quit_LittleGirlGamer-www.FesliyanStudios.com.mp3 in Resources */ = {isa = PBXBuildFile; fileRef = 72C0CEB42481365600363A1A /* Taunt_Time to rage quit_LittleGirlGamer-www.FesliyanStudios.com.mp3 */; };
		72C0CEC72481365600363A1A /* Taunt_Reckt Baby_LittleGirlGamer-www.FesliyanStudios.com.mp3 in Resources */ = {isa = PBXBuildFile; fileRef = 72C0CEB52481365600363A1A /* Taunt_Reckt Baby_LittleGirlGamer-www.FesliyanStudios.com.mp3 */; };
		72C0CEC82481365600363A1A /* Taunt_GG YOU PWNED_LittleGirlGamer-www.FesliyanStudios.com.mp3 in Resources */ = {isa = PBXBuildFile; fileRef = 72C0CEB62481365600363A1A /* Taunt_GG YOU PWNED_LittleGirlGamer-www.FesliyanStudios.com.mp3 */; };
		72C0CEC92481365600363A1A /* Funny-Laugh-A1-www.fesliyanstudios.com.mp3 in Resources */ = {isa = PBXBuildFile; fileRef = 72C0CEB72481365600363A1A /* Funny-Laugh-A1-www.fesliyanstudios.com.mp3 */; };
		72C0CECA2481365600363A1A /* Funny-Laugh-A4-www.fesliyanstudios.com.mp3 in Resources */ = {isa = PBXBuildFile; fileRef = 72C0CEB82481365600363A1A /* Funny-Laugh-A4-www.fesliyanstudios.com.mp3 */; };
		72C0CECB2481365600363A1A /* Taunt__LOL SAUCE_LittleGirlGamer-www.FesliyanStudios.com.mp3 in Resources */ = {isa = PBXBuildFile; fileRef = 72C0CEB92481365600363A1A /* Taunt__LOL SAUCE_LittleGirlGamer-www.FesliyanStudios.com.mp3 */; };
		72C0CECC2481365600363A1A /* Grunting-from-Being-Hit-A4-www.fesliyanstudios.com.mp3 in Resources */ = {isa = PBXBuildFile; fileRef = 72C0CEBA2481365600363A1A /* Grunting-from-Being-Hit-A4-www.fesliyanstudios.com.mp3 */; };
		72C0CECD2481365600363A1A /* Taunt__haha pwned_LittleGirlGamer-www.FesliyanStudios.com.mp3 in Resources */ = {isa = PBXBuildFile; fileRef = 72C0CEBB2481365600363A1A /* Taunt__haha pwned_LittleGirlGamer-www.FesliyanStudios.com.mp3 */; };
		72C0CEE12481403F00363A1A /* Complaining_im going to rage quit_LittleGirlGamer-www.FesliyanStudios.com.mp3 in Resources */ = {isa = PBXBuildFile; fileRef = 72C0CECF2481403F00363A1A /* Complaining_im going to rage quit_LittleGirlGamer-www.FesliyanStudios.com.mp3 */; };
		72C0CEE22481403F00363A1A /* Yo Wassup_LittleGirlGamer-www.FesliyanStudios.com.mp3 in Resources */ = {isa = PBXBuildFile; fileRef = 72C0CED02481403F00363A1A /* Yo Wassup_LittleGirlGamer-www.FesliyanStudios.com.mp3 */; };
		72C0CEE32481403F00363A1A /* SoundSilk-rim-shot_01.mp3 in Resources */ = {isa = PBXBuildFile; fileRef = 72C0CED12481403F00363A1A /* SoundSilk-rim-shot_01.mp3 */; };
		72C0CEE42481403F00363A1A /* Rooster-Crow-A-www.fesliyanstudios.com.mp3 in Resources */ = {isa = PBXBuildFile; fileRef = 72C0CED22481403F00363A1A /* Rooster-Crow-A-www.fesliyanstudios.com.mp3 */; };
		72C0CEE52481403F00363A1A /* Complaining_I smell a hacker_LittleGirlGamer-www.FesliyanStudios.com.mp3 in Resources */ = {isa = PBXBuildFile; fileRef = 72C0CED32481403F00363A1A /* Complaining_I smell a hacker_LittleGirlGamer-www.FesliyanStudios.com.mp3 */; };
		72C0CEE62481403F00363A1A /* Whistling-Call-A1-www.fesliyanstudios.com.mp3 in Resources */ = {isa = PBXBuildFile; fileRef = 72C0CED42481403F00363A1A /* Whistling-Call-A1-www.fesliyanstudios.com.mp3 */; };
		72C0CEE72481403F00363A1A /* Pig-Oinking-www.fesliyanstudios.com.mp3 in Resources */ = {isa = PBXBuildFile; fileRef = 72C0CED52481403F00363A1A /* Pig-Oinking-www.fesliyanstudios.com.mp3 */; };
		72C0CEE82481403F00363A1A /* Grunting-from-Being-Hit-A6-www.fesliyanstudios.com.mp3 in Resources */ = {isa = PBXBuildFile; fileRef = 72C0CED62481403F00363A1A /* Grunting-from-Being-Hit-A6-www.fesliyanstudios.com.mp3 */; };
		72C0CEE92481403F00363A1A /* Complaining_you're hacking_LittleGirlGamer-www.FesliyanStudios.com.mp3 in Resources */ = {isa = PBXBuildFile; fileRef = 72C0CED72481403F00363A1A /* Complaining_you're hacking_LittleGirlGamer-www.FesliyanStudios.com.mp3 */; };
		72C0CEEA2481403F00363A1A /* Magic-Spell-A-Medium-www.fesliyanstudios.com.mp3 in Resources */ = {isa = PBXBuildFile; fileRef = 72C0CED82481403F00363A1A /* Magic-Spell-A-Medium-www.fesliyanstudios.com.mp3 */; };
		72C0CEEB2481403F00363A1A /* Taunt_I'm so leet dude_LittleGirlGamer-www.FesliyanStudios.com.mp3 in Resources */ = {isa = PBXBuildFile; fileRef = 72C0CED92481403F00363A1A /* Taunt_I'm so leet dude_LittleGirlGamer-www.FesliyanStudios.com.mp3 */; };
		72C0CEEC2481403F00363A1A /* 360 no scope_LittleGirlGamer-www.FesliyanStudios.com.mp3 in Resources */ = {isa = PBXBuildFile; fileRef = 72C0CEDA2481403F00363A1A /* 360 no scope_LittleGirlGamer-www.FesliyanStudios.com.mp3 */; };
		72C0CEED2481403F00363A1A /* Taunt_too much leet_LittleGirlGamer-www.FesliyanStudios.com.mp3 in Resources */ = {isa = PBXBuildFile; fileRef = 72C0CEDB2481403F00363A1A /* Taunt_too much leet_LittleGirlGamer-www.FesliyanStudios.com.mp3 */; };
		72C0CEEE2481403F00363A1A /* Ba-Bum-Tss-Joke-Drum-A4-www.fesliyanstudios.com.mp3 in Resources */ = {isa = PBXBuildFile; fileRef = 72C0CEDC2481403F00363A1A /* Ba-Bum-Tss-Joke-Drum-A4-www.fesliyanstudios.com.mp3 */; };
		72C0CEEF2481403F00363A1A /* Crowd-Complement-A3-www.fesliyanstudios.com.mp3 in Resources */ = {isa = PBXBuildFile; fileRef = 72C0CEDD2481403F00363A1A /* Crowd-Complement-A3-www.fesliyanstudios.com.mp3 */; };
		72C0CEF02481403F00363A1A /* i'm about to level up_LittleGirlGamer-www.FesliyanStudios.com.mp3 in Resources */ = {isa = PBXBuildFile; fileRef = 72C0CEDE2481403F00363A1A /* i'm about to level up_LittleGirlGamer-www.FesliyanStudios.com.mp3 */; };
		72C0CEF12481403F00363A1A /* Complaining_you're lucky_LittleGirlGamer-www.FesliyanStudios.com.mp3 in Resources */ = {isa = PBXBuildFile; fileRef = 72C0CEDF2481403F00363A1A /* Complaining_you're lucky_LittleGirlGamer-www.FesliyanStudios.com.mp3 */; };
		72C0CEF22481403F00363A1A /* Multiple-FireWorks-www.fesliyanstudios.com.mp3 in Resources */ = {isa = PBXBuildFile; fileRef = 72C0CEE02481403F00363A1A /* Multiple-FireWorks-www.fesliyanstudios.com.mp3 */; };
		72C0CEF4248140A500363A1A /* SoundManager.swift in Sources */ = {isa = PBXBuildFile; fileRef = 72C0CEF3248140A500363A1A /* SoundManager.swift */; };
		8240B52C246C9544009DC5B4 /* AppDelegate.swift in Sources */ = {isa = PBXBuildFile; fileRef = 8240B52B246C9544009DC5B4 /* AppDelegate.swift */; };
		8240B52E246C9544009DC5B4 /* SceneDelegate.swift in Sources */ = {isa = PBXBuildFile; fileRef = 8240B52D246C9544009DC5B4 /* SceneDelegate.swift */; };
		8240B530246C9544009DC5B4 /* ViewController.swift in Sources */ = {isa = PBXBuildFile; fileRef = 8240B52F246C9544009DC5B4 /* ViewController.swift */; };
		8240B533246C9544009DC5B4 /* Main.storyboard in Resources */ = {isa = PBXBuildFile; fileRef = 8240B531246C9544009DC5B4 /* Main.storyboard */; };
		8240B535246C9546009DC5B4 /* Assets.xcassets in Resources */ = {isa = PBXBuildFile; fileRef = 8240B534246C9546009DC5B4 /* Assets.xcassets */; };
		8240B538246C9546009DC5B4 /* LaunchScreen.storyboard in Resources */ = {isa = PBXBuildFile; fileRef = 8240B536246C9546009DC5B4 /* LaunchScreen.storyboard */; };
		8240B540246CCFD7009DC5B4 /* SwiftUIView.swift in Sources */ = {isa = PBXBuildFile; fileRef = 8240B53F246CCFD7009DC5B4 /* SwiftUIView.swift */; };
		8240B543246EED59009DC5B4 /* QuestionManager.swift in Sources */ = {isa = PBXBuildFile; fileRef = 8240B542246EED59009DC5B4 /* QuestionManager.swift */; };
		8240B546246EF6FA009DC5B4 /* QuestionData.swift in Sources */ = {isa = PBXBuildFile; fileRef = 8240B545246EF6FA009DC5B4 /* QuestionData.swift */; };
		8240B548246EFBF8009DC5B4 /* QuestionModel.swift in Sources */ = {isa = PBXBuildFile; fileRef = 8240B547246EFBF8009DC5B4 /* QuestionModel.swift */; };
		8240B54A246F48CA009DC5B4 /* QuizBrain.swift in Sources */ = {isa = PBXBuildFile; fileRef = 8240B549246F48CA009DC5B4 /* QuizBrain.swift */; };
		9789F2602474D1EC00B0651C /* WelcomeViewController.swift in Sources */ = {isa = PBXBuildFile; fileRef = 9789F25F2474D1EC00B0651C /* WelcomeViewController.swift */; };
/* End PBXBuildFile section */

/* Begin PBXFileReference section */
		19C2E0E1247AC0E800E46A1B /* InsultManager.swift */ = {isa = PBXFileReference; lastKnownFileType = sourcecode.swift; path = InsultManager.swift; sourceTree = "<group>"; };
		72A27F2A2474110400454578 /* CategoryManager.swift */ = {isa = PBXFileReference; lastKnownFileType = sourcecode.swift; path = CategoryManager.swift; sourceTree = "<group>"; };
		72C0CEAA2481365600363A1A /* Taunt_troll troll troll_LittleGirlGamer-www.FesliyanStudios.com.mp3 */ = {isa = PBXFileReference; lastKnownFileType = audio.mp3; path = "Taunt_troll troll troll_LittleGirlGamer-www.FesliyanStudios.com.mp3"; sourceTree = "<group>"; };
		72C0CEAB2481365600363A1A /* Taunt__You got pwned_LittleGirlGamer-www.FesliyanStudios.com.mp3 */ = {isa = PBXFileReference; lastKnownFileType = audio.mp3; path = "Taunt__You got pwned_LittleGirlGamer-www.FesliyanStudios.com.mp3"; sourceTree = "<group>"; };
		72C0CEAC2481365600363A1A /* Funny-Scream-A1-www.fesliyanstudios.com.mp3 */ = {isa = PBXFileReference; lastKnownFileType = audio.mp3; path = "Funny-Scream-A1-www.fesliyanstudios.com.mp3"; sourceTree = "<group>"; };
		72C0CEAD2481365600363A1A /* Sad-Trombone-A1-www.fesliyanstudios.com.mp3 */ = {isa = PBXFileReference; lastKnownFileType = audio.mp3; path = "Sad-Trombone-A1-www.fesliyanstudios.com.mp3"; sourceTree = "<group>"; };
		72C0CEAE2481365600363A1A /* Taunt_you got rekt_LittleGirlGamer-www.FesliyanStudios.com.mp3 */ = {isa = PBXFileReference; lastKnownFileType = audio.mp3; path = "Taunt_you got rekt_LittleGirlGamer-www.FesliyanStudios.com.mp3"; sourceTree = "<group>"; };
		72C0CEAF2481365600363A1A /* Pig-Squealing-A-www.fesliyanstudios.com.mp3 */ = {isa = PBXFileReference; lastKnownFileType = audio.mp3; path = "Pig-Squealing-A-www.fesliyanstudios.com.mp3"; sourceTree = "<group>"; };
		72C0CEB02481365600363A1A /* soundsilk-cricket-chirp.mp3 */ = {isa = PBXFileReference; lastKnownFileType = audio.mp3; path = "soundsilk-cricket-chirp.mp3"; sourceTree = "<group>"; };
		72C0CEB12481365600363A1A /* soundsilk-buzzer-wrong-answer.mp3 */ = {isa = PBXFileReference; lastKnownFileType = audio.mp3; path = "soundsilk-buzzer-wrong-answer.mp3"; sourceTree = "<group>"; };
		72C0CEB22481365600363A1A /* Ask your gramma_LittleGirlGamer-www.FesliyanStudios.com.mp3 */ = {isa = PBXFileReference; lastKnownFileType = audio.mp3; path = "Ask your gramma_LittleGirlGamer-www.FesliyanStudios.com.mp3"; sourceTree = "<group>"; };
		72C0CEB32481365600363A1A /* Crowd-Insult-B1-www.fesliyanstudios.com.mp3 */ = {isa = PBXFileReference; lastKnownFileType = audio.mp3; path = "Crowd-Insult-B1-www.fesliyanstudios.com.mp3"; sourceTree = "<group>"; };
		72C0CEB42481365600363A1A /* Taunt_Time to rage quit_LittleGirlGamer-www.FesliyanStudios.com.mp3 */ = {isa = PBXFileReference; lastKnownFileType = audio.mp3; path = "Taunt_Time to rage quit_LittleGirlGamer-www.FesliyanStudios.com.mp3"; sourceTree = "<group>"; };
		72C0CEB52481365600363A1A /* Taunt_Reckt Baby_LittleGirlGamer-www.FesliyanStudios.com.mp3 */ = {isa = PBXFileReference; lastKnownFileType = audio.mp3; path = "Taunt_Reckt Baby_LittleGirlGamer-www.FesliyanStudios.com.mp3"; sourceTree = "<group>"; };
		72C0CEB62481365600363A1A /* Taunt_GG YOU PWNED_LittleGirlGamer-www.FesliyanStudios.com.mp3 */ = {isa = PBXFileReference; lastKnownFileType = audio.mp3; path = "Taunt_GG YOU PWNED_LittleGirlGamer-www.FesliyanStudios.com.mp3"; sourceTree = "<group>"; };
		72C0CEB72481365600363A1A /* Funny-Laugh-A1-www.fesliyanstudios.com.mp3 */ = {isa = PBXFileReference; lastKnownFileType = audio.mp3; path = "Funny-Laugh-A1-www.fesliyanstudios.com.mp3"; sourceTree = "<group>"; };
		72C0CEB82481365600363A1A /* Funny-Laugh-A4-www.fesliyanstudios.com.mp3 */ = {isa = PBXFileReference; lastKnownFileType = audio.mp3; path = "Funny-Laugh-A4-www.fesliyanstudios.com.mp3"; sourceTree = "<group>"; };
		72C0CEB92481365600363A1A /* Taunt__LOL SAUCE_LittleGirlGamer-www.FesliyanStudios.com.mp3 */ = {isa = PBXFileReference; lastKnownFileType = audio.mp3; path = "Taunt__LOL SAUCE_LittleGirlGamer-www.FesliyanStudios.com.mp3"; sourceTree = "<group>"; };
		72C0CEBA2481365600363A1A /* Grunting-from-Being-Hit-A4-www.fesliyanstudios.com.mp3 */ = {isa = PBXFileReference; lastKnownFileType = audio.mp3; path = "Grunting-from-Being-Hit-A4-www.fesliyanstudios.com.mp3"; sourceTree = "<group>"; };
		72C0CEBB2481365600363A1A /* Taunt__haha pwned_LittleGirlGamer-www.FesliyanStudios.com.mp3 */ = {isa = PBXFileReference; lastKnownFileType = audio.mp3; path = "Taunt__haha pwned_LittleGirlGamer-www.FesliyanStudios.com.mp3"; sourceTree = "<group>"; };
		72C0CECF2481403F00363A1A /* Complaining_im going to rage quit_LittleGirlGamer-www.FesliyanStudios.com.mp3 */ = {isa = PBXFileReference; lastKnownFileType = audio.mp3; path = "Complaining_im going to rage quit_LittleGirlGamer-www.FesliyanStudios.com.mp3"; sourceTree = "<group>"; };
		72C0CED02481403F00363A1A /* Yo Wassup_LittleGirlGamer-www.FesliyanStudios.com.mp3 */ = {isa = PBXFileReference; lastKnownFileType = audio.mp3; path = "Yo Wassup_LittleGirlGamer-www.FesliyanStudios.com.mp3"; sourceTree = "<group>"; };
		72C0CED12481403F00363A1A /* SoundSilk-rim-shot_01.mp3 */ = {isa = PBXFileReference; lastKnownFileType = audio.mp3; path = "SoundSilk-rim-shot_01.mp3"; sourceTree = "<group>"; };
		72C0CED22481403F00363A1A /* Rooster-Crow-A-www.fesliyanstudios.com.mp3 */ = {isa = PBXFileReference; lastKnownFileType = audio.mp3; path = "Rooster-Crow-A-www.fesliyanstudios.com.mp3"; sourceTree = "<group>"; };
		72C0CED32481403F00363A1A /* Complaining_I smell a hacker_LittleGirlGamer-www.FesliyanStudios.com.mp3 */ = {isa = PBXFileReference; lastKnownFileType = audio.mp3; path = "Complaining_I smell a hacker_LittleGirlGamer-www.FesliyanStudios.com.mp3"; sourceTree = "<group>"; };
		72C0CED42481403F00363A1A /* Whistling-Call-A1-www.fesliyanstudios.com.mp3 */ = {isa = PBXFileReference; lastKnownFileType = audio.mp3; path = "Whistling-Call-A1-www.fesliyanstudios.com.mp3"; sourceTree = "<group>"; };
		72C0CED52481403F00363A1A /* Pig-Oinking-www.fesliyanstudios.com.mp3 */ = {isa = PBXFileReference; lastKnownFileType = audio.mp3; path = "Pig-Oinking-www.fesliyanstudios.com.mp3"; sourceTree = "<group>"; };
		72C0CED62481403F00363A1A /* Grunting-from-Being-Hit-A6-www.fesliyanstudios.com.mp3 */ = {isa = PBXFileReference; lastKnownFileType = audio.mp3; path = "Grunting-from-Being-Hit-A6-www.fesliyanstudios.com.mp3"; sourceTree = "<group>"; };
		72C0CED72481403F00363A1A /* Complaining_you're hacking_LittleGirlGamer-www.FesliyanStudios.com.mp3 */ = {isa = PBXFileReference; lastKnownFileType = audio.mp3; path = "Complaining_you're hacking_LittleGirlGamer-www.FesliyanStudios.com.mp3"; sourceTree = "<group>"; };
		72C0CED82481403F00363A1A /* Magic-Spell-A-Medium-www.fesliyanstudios.com.mp3 */ = {isa = PBXFileReference; lastKnownFileType = audio.mp3; path = "Magic-Spell-A-Medium-www.fesliyanstudios.com.mp3"; sourceTree = "<group>"; };
		72C0CED92481403F00363A1A /* Taunt_I'm so leet dude_LittleGirlGamer-www.FesliyanStudios.com.mp3 */ = {isa = PBXFileReference; lastKnownFileType = audio.mp3; path = "Taunt_I'm so leet dude_LittleGirlGamer-www.FesliyanStudios.com.mp3"; sourceTree = "<group>"; };
		72C0CEDA2481403F00363A1A /* 360 no scope_LittleGirlGamer-www.FesliyanStudios.com.mp3 */ = {isa = PBXFileReference; lastKnownFileType = audio.mp3; path = "360 no scope_LittleGirlGamer-www.FesliyanStudios.com.mp3"; sourceTree = "<group>"; };
		72C0CEDB2481403F00363A1A /* Taunt_too much leet_LittleGirlGamer-www.FesliyanStudios.com.mp3 */ = {isa = PBXFileReference; lastKnownFileType = audio.mp3; path = "Taunt_too much leet_LittleGirlGamer-www.FesliyanStudios.com.mp3"; sourceTree = "<group>"; };
		72C0CEDC2481403F00363A1A /* Ba-Bum-Tss-Joke-Drum-A4-www.fesliyanstudios.com.mp3 */ = {isa = PBXFileReference; lastKnownFileType = audio.mp3; path = "Ba-Bum-Tss-Joke-Drum-A4-www.fesliyanstudios.com.mp3"; sourceTree = "<group>"; };
		72C0CEDD2481403F00363A1A /* Crowd-Complement-A3-www.fesliyanstudios.com.mp3 */ = {isa = PBXFileReference; lastKnownFileType = audio.mp3; path = "Crowd-Complement-A3-www.fesliyanstudios.com.mp3"; sourceTree = "<group>"; };
		72C0CEDE2481403F00363A1A /* i'm about to level up_LittleGirlGamer-www.FesliyanStudios.com.mp3 */ = {isa = PBXFileReference; lastKnownFileType = audio.mp3; path = "i'm about to level up_LittleGirlGamer-www.FesliyanStudios.com.mp3"; sourceTree = "<group>"; };
		72C0CEDF2481403F00363A1A /* Complaining_you're lucky_LittleGirlGamer-www.FesliyanStudios.com.mp3 */ = {isa = PBXFileReference; lastKnownFileType = audio.mp3; path = "Complaining_you're lucky_LittleGirlGamer-www.FesliyanStudios.com.mp3"; sourceTree = "<group>"; };
		72C0CEE02481403F00363A1A /* Multiple-FireWorks-www.fesliyanstudios.com.mp3 */ = {isa = PBXFileReference; lastKnownFileType = audio.mp3; path = "Multiple-FireWorks-www.fesliyanstudios.com.mp3"; sourceTree = "<group>"; };
		72C0CEF3248140A500363A1A /* SoundManager.swift */ = {isa = PBXFileReference; lastKnownFileType = sourcecode.swift; path = SoundManager.swift; sourceTree = "<group>"; };
		8240B528246C9544009DC5B4 /* Pop Quiz.app */ = {isa = PBXFileReference; explicitFileType = wrapper.application; includeInIndex = 0; path = "Pop Quiz.app"; sourceTree = BUILT_PRODUCTS_DIR; };
		8240B52B246C9544009DC5B4 /* AppDelegate.swift */ = {isa = PBXFileReference; lastKnownFileType = sourcecode.swift; path = AppDelegate.swift; sourceTree = "<group>"; };
		8240B52D246C9544009DC5B4 /* SceneDelegate.swift */ = {isa = PBXFileReference; lastKnownFileType = sourcecode.swift; path = SceneDelegate.swift; sourceTree = "<group>"; };
		8240B52F246C9544009DC5B4 /* ViewController.swift */ = {isa = PBXFileReference; lastKnownFileType = sourcecode.swift; path = ViewController.swift; sourceTree = "<group>"; };
		8240B532246C9544009DC5B4 /* Base */ = {isa = PBXFileReference; lastKnownFileType = file.storyboard; name = Base; path = Base.lproj/Main.storyboard; sourceTree = "<group>"; };
		8240B534246C9546009DC5B4 /* Assets.xcassets */ = {isa = PBXFileReference; lastKnownFileType = folder.assetcatalog; path = Assets.xcassets; sourceTree = "<group>"; };
		8240B537246C9546009DC5B4 /* Base */ = {isa = PBXFileReference; lastKnownFileType = file.storyboard; name = Base; path = Base.lproj/LaunchScreen.storyboard; sourceTree = "<group>"; };
		8240B539246C9547009DC5B4 /* Info.plist */ = {isa = PBXFileReference; lastKnownFileType = text.plist.xml; path = Info.plist; sourceTree = "<group>"; };
		8240B53F246CCFD7009DC5B4 /* SwiftUIView.swift */ = {isa = PBXFileReference; lastKnownFileType = sourcecode.swift; path = SwiftUIView.swift; sourceTree = "<group>"; };
		8240B542246EED59009DC5B4 /* QuestionManager.swift */ = {isa = PBXFileReference; lastKnownFileType = sourcecode.swift; path = QuestionManager.swift; sourceTree = "<group>"; };
		8240B545246EF6FA009DC5B4 /* QuestionData.swift */ = {isa = PBXFileReference; lastKnownFileType = sourcecode.swift; path = QuestionData.swift; sourceTree = "<group>"; };
		8240B547246EFBF8009DC5B4 /* QuestionModel.swift */ = {isa = PBXFileReference; lastKnownFileType = sourcecode.swift; path = QuestionModel.swift; sourceTree = "<group>"; };
		8240B549246F48CA009DC5B4 /* QuizBrain.swift */ = {isa = PBXFileReference; lastKnownFileType = sourcecode.swift; path = QuizBrain.swift; sourceTree = "<group>"; };
		9789F25F2474D1EC00B0651C /* WelcomeViewController.swift */ = {isa = PBXFileReference; lastKnownFileType = sourcecode.swift; path = WelcomeViewController.swift; sourceTree = "<group>"; };
/* End PBXFileReference section */

/* Begin PBXFrameworksBuildPhase section */
		8240B525246C9544009DC5B4 /* Frameworks */ = {
			isa = PBXFrameworksBuildPhase;
			buildActionMask = 2147483647;
			files = (
			);
			runOnlyForDeploymentPostprocessing = 0;
		};
/* End PBXFrameworksBuildPhase section */

/* Begin PBXGroup section */
		726A518724756C38005E08CB /* Controllers */ = {
			isa = PBXGroup;
			children = (
				9789F25F2474D1EC00B0651C /* WelcomeViewController.swift */,
				8240B52F246C9544009DC5B4 /* ViewController.swift */,
			);
			path = Controllers;
			sourceTree = "<group>";
		};
		72C0CEA92481365600363A1A /* Incorrect Sounds */ = {
			isa = PBXGroup;
			children = (
				72C0CEAA2481365600363A1A /* Taunt_troll troll troll_LittleGirlGamer-www.FesliyanStudios.com.mp3 */,
				72C0CEAB2481365600363A1A /* Taunt__You got pwned_LittleGirlGamer-www.FesliyanStudios.com.mp3 */,
				72C0CEAC2481365600363A1A /* Funny-Scream-A1-www.fesliyanstudios.com.mp3 */,
				72C0CEAD2481365600363A1A /* Sad-Trombone-A1-www.fesliyanstudios.com.mp3 */,
				72C0CEAE2481365600363A1A /* Taunt_you got rekt_LittleGirlGamer-www.FesliyanStudios.com.mp3 */,
				72C0CEAF2481365600363A1A /* Pig-Squealing-A-www.fesliyanstudios.com.mp3 */,
				72C0CEB02481365600363A1A /* soundsilk-cricket-chirp.mp3 */,
				72C0CEB12481365600363A1A /* soundsilk-buzzer-wrong-answer.mp3 */,
				72C0CEB22481365600363A1A /* Ask your gramma_LittleGirlGamer-www.FesliyanStudios.com.mp3 */,
				72C0CEB32481365600363A1A /* Crowd-Insult-B1-www.fesliyanstudios.com.mp3 */,
				72C0CEB42481365600363A1A /* Taunt_Time to rage quit_LittleGirlGamer-www.FesliyanStudios.com.mp3 */,
				72C0CEB52481365600363A1A /* Taunt_Reckt Baby_LittleGirlGamer-www.FesliyanStudios.com.mp3 */,
				72C0CEB62481365600363A1A /* Taunt_GG YOU PWNED_LittleGirlGamer-www.FesliyanStudios.com.mp3 */,
				72C0CEB72481365600363A1A /* Funny-Laugh-A1-www.fesliyanstudios.com.mp3 */,
				72C0CEB82481365600363A1A /* Funny-Laugh-A4-www.fesliyanstudios.com.mp3 */,
				72C0CEB92481365600363A1A /* Taunt__LOL SAUCE_LittleGirlGamer-www.FesliyanStudios.com.mp3 */,
				72C0CEBA2481365600363A1A /* Grunting-from-Being-Hit-A4-www.fesliyanstudios.com.mp3 */,
				72C0CEBB2481365600363A1A /* Taunt__haha pwned_LittleGirlGamer-www.FesliyanStudios.com.mp3 */,
			);
			path = "Incorrect Sounds";
			sourceTree = "<group>";
		};
		72C0CECE2481403F00363A1A /* Correct Sounds */ = {
			isa = PBXGroup;
			children = (
				72C0CECF2481403F00363A1A /* Complaining_im going to rage quit_LittleGirlGamer-www.FesliyanStudios.com.mp3 */,
				72C0CED02481403F00363A1A /* Yo Wassup_LittleGirlGamer-www.FesliyanStudios.com.mp3 */,
				72C0CED12481403F00363A1A /* SoundSilk-rim-shot_01.mp3 */,
				72C0CED22481403F00363A1A /* Rooster-Crow-A-www.fesliyanstudios.com.mp3 */,
				72C0CED32481403F00363A1A /* Complaining_I smell a hacker_LittleGirlGamer-www.FesliyanStudios.com.mp3 */,
				72C0CED42481403F00363A1A /* Whistling-Call-A1-www.fesliyanstudios.com.mp3 */,
				72C0CED52481403F00363A1A /* Pig-Oinking-www.fesliyanstudios.com.mp3 */,
				72C0CED62481403F00363A1A /* Grunting-from-Being-Hit-A6-www.fesliyanstudios.com.mp3 */,
				72C0CED72481403F00363A1A /* Complaining_you're hacking_LittleGirlGamer-www.FesliyanStudios.com.mp3 */,
				72C0CED82481403F00363A1A /* Magic-Spell-A-Medium-www.fesliyanstudios.com.mp3 */,
				72C0CED92481403F00363A1A /* Taunt_I'm so leet dude_LittleGirlGamer-www.FesliyanStudios.com.mp3 */,
				72C0CEDA2481403F00363A1A /* 360 no scope_LittleGirlGamer-www.FesliyanStudios.com.mp3 */,
				72C0CEDB2481403F00363A1A /* Taunt_too much leet_LittleGirlGamer-www.FesliyanStudios.com.mp3 */,
				72C0CEDC2481403F00363A1A /* Ba-Bum-Tss-Joke-Drum-A4-www.fesliyanstudios.com.mp3 */,
				72C0CEDD2481403F00363A1A /* Crowd-Complement-A3-www.fesliyanstudios.com.mp3 */,
				72C0CEDE2481403F00363A1A /* i'm about to level up_LittleGirlGamer-www.FesliyanStudios.com.mp3 */,
				72C0CEDF2481403F00363A1A /* Complaining_you're lucky_LittleGirlGamer-www.FesliyanStudios.com.mp3 */,
				72C0CEE02481403F00363A1A /* Multiple-FireWorks-www.fesliyanstudios.com.mp3 */,
			);
			path = "Correct Sounds";
			sourceTree = "<group>";
		};
		8240B51F246C9544009DC5B4 = {
			isa = PBXGroup;
			children = (
				8240B52A246C9544009DC5B4 /* Pop Quiz */,
				8240B529246C9544009DC5B4 /* Products */,
				72C0CECE2481403F00363A1A /* Correct Sounds */,
				72C0CEA92481365600363A1A /* Incorrect Sounds */,
			);
			sourceTree = "<group>";
		};
		8240B529246C9544009DC5B4 /* Products */ = {
			isa = PBXGroup;
			children = (
				8240B528246C9544009DC5B4 /* Pop Quiz.app */,
			);
			name = Products;
			sourceTree = "<group>";
		};
		8240B52A246C9544009DC5B4 /* Pop Quiz */ = {
			isa = PBXGroup;
			children = (
				8240B52B246C9544009DC5B4 /* AppDelegate.swift */,
				8240B52D246C9544009DC5B4 /* SceneDelegate.swift */,
				726A518724756C38005E08CB /* Controllers */,
				8240B544246EED61009DC5B4 /* Models */,
				8240B531246C9544009DC5B4 /* Main.storyboard */,
				8240B541246CD43D009DC5B4 /* SwiftUI Views */,
				8240B534246C9546009DC5B4 /* Assets.xcassets */,
				8240B536246C9546009DC5B4 /* LaunchScreen.storyboard */,
				8240B539246C9547009DC5B4 /* Info.plist */,
			);
			path = "Pop Quiz";
			sourceTree = "<group>";
		};
		8240B541246CD43D009DC5B4 /* SwiftUI Views */ = {
			isa = PBXGroup;
			children = (
				8240B53F246CCFD7009DC5B4 /* SwiftUIView.swift */,
			);
			path = "SwiftUI Views";
			sourceTree = "<group>";
		};
		8240B544246EED61009DC5B4 /* Models */ = {
			isa = PBXGroup;
			children = (
				72A27F2A2474110400454578 /* CategoryManager.swift */,
				19C2E0E1247AC0E800E46A1B /* InsultManager.swift */,
				8240B542246EED59009DC5B4 /* QuestionManager.swift */,
				8240B545246EF6FA009DC5B4 /* QuestionData.swift */,
				8240B547246EFBF8009DC5B4 /* QuestionModel.swift */,
				8240B549246F48CA009DC5B4 /* QuizBrain.swift */,
				72C0CEF3248140A500363A1A /* SoundManager.swift */,
			);
			path = Models;
			sourceTree = "<group>";
		};
/* End PBXGroup section */

/* Begin PBXNativeTarget section */
		8240B527246C9544009DC5B4 /* Pop Quiz */ = {
			isa = PBXNativeTarget;
			buildConfigurationList = 8240B53C246C9547009DC5B4 /* Build configuration list for PBXNativeTarget "Pop Quiz" */;
			buildPhases = (
				8240B524246C9544009DC5B4 /* Sources */,
				8240B525246C9544009DC5B4 /* Frameworks */,
				8240B526246C9544009DC5B4 /* Resources */,
			);
			buildRules = (
			);
			dependencies = (
			);
			name = "Pop Quiz";
			productName = "Pop Quiz";
			productReference = 8240B528246C9544009DC5B4 /* Pop Quiz.app */;
			productType = "com.apple.product-type.application";
		};
/* End PBXNativeTarget section */

/* Begin PBXProject section */
		8240B520246C9544009DC5B4 /* Project object */ = {
			isa = PBXProject;
			attributes = {
				LastSwiftUpdateCheck = 1140;
				LastUpgradeCheck = 1140;
				ORGANIZATIONNAME = "Charles Eison";
				TargetAttributes = {
					8240B527246C9544009DC5B4 = {
						CreatedOnToolsVersion = 11.4.1;
					};
				};
			};
			buildConfigurationList = 8240B523246C9544009DC5B4 /* Build configuration list for PBXProject "Pop Quiz" */;
			compatibilityVersion = "Xcode 9.3";
			developmentRegion = en;
			hasScannedForEncodings = 0;
			knownRegions = (
				en,
				Base,
			);
			mainGroup = 8240B51F246C9544009DC5B4;
			productRefGroup = 8240B529246C9544009DC5B4 /* Products */;
			projectDirPath = "";
			projectRoot = "";
			targets = (
				8240B527246C9544009DC5B4 /* Pop Quiz */,
			);
		};
/* End PBXProject section */

/* Begin PBXResourcesBuildPhase section */
		8240B526246C9544009DC5B4 /* Resources */ = {
			isa = PBXResourcesBuildPhase;
			buildActionMask = 2147483647;
			files = (
				72C0CEE22481403F00363A1A /* Yo Wassup_LittleGirlGamer-www.FesliyanStudios.com.mp3 in Resources */,
				72C0CECC2481365600363A1A /* Grunting-from-Being-Hit-A4-www.fesliyanstudios.com.mp3 in Resources */,
				72C0CEC92481365600363A1A /* Funny-Laugh-A1-www.fesliyanstudios.com.mp3 in Resources */,
				8240B538246C9546009DC5B4 /* LaunchScreen.storyboard in Resources */,
				72C0CEE72481403F00363A1A /* Pig-Oinking-www.fesliyanstudios.com.mp3 in Resources */,
				72C0CEC52481365600363A1A /* Crowd-Insult-B1-www.fesliyanstudios.com.mp3 in Resources */,
				72C0CEBF2481365600363A1A /* Sad-Trombone-A1-www.fesliyanstudios.com.mp3 in Resources */,
				72C0CEC72481365600363A1A /* Taunt_Reckt Baby_LittleGirlGamer-www.FesliyanStudios.com.mp3 in Resources */,
				72C0CEC42481365600363A1A /* Ask your gramma_LittleGirlGamer-www.FesliyanStudios.com.mp3 in Resources */,
				72C0CEEF2481403F00363A1A /* Crowd-Complement-A3-www.fesliyanstudios.com.mp3 in Resources */,
				72C0CECB2481365600363A1A /* Taunt__LOL SAUCE_LittleGirlGamer-www.FesliyanStudios.com.mp3 in Resources */,
				72C0CEC22481365600363A1A /* soundsilk-cricket-chirp.mp3 in Resources */,
				72C0CEF02481403F00363A1A /* i'm about to level up_LittleGirlGamer-www.FesliyanStudios.com.mp3 in Resources */,
				72C0CECA2481365600363A1A /* Funny-Laugh-A4-www.fesliyanstudios.com.mp3 in Resources */,
				72C0CEEA2481403F00363A1A /* Magic-Spell-A-Medium-www.fesliyanstudios.com.mp3 in Resources */,
				72C0CEED2481403F00363A1A /* Taunt_too much leet_LittleGirlGamer-www.FesliyanStudios.com.mp3 in Resources */,
				72C0CEE42481403F00363A1A /* Rooster-Crow-A-www.fesliyanstudios.com.mp3 in Resources */,
				72C0CEC32481365600363A1A /* soundsilk-buzzer-wrong-answer.mp3 in Resources */,
				72C0CEEC2481403F00363A1A /* 360 no scope_LittleGirlGamer-www.FesliyanStudios.com.mp3 in Resources */,
				72C0CEC62481365600363A1A /* Taunt_Time to rage quit_LittleGirlGamer-www.FesliyanStudios.com.mp3 in Resources */,
				72C0CEEB2481403F00363A1A /* Taunt_I'm so leet dude_LittleGirlGamer-www.FesliyanStudios.com.mp3 in Resources */,
				72C0CEBD2481365600363A1A /* Taunt__You got pwned_LittleGirlGamer-www.FesliyanStudios.com.mp3 in Resources */,
				72C0CEBC2481365600363A1A /* Taunt_troll troll troll_LittleGirlGamer-www.FesliyanStudios.com.mp3 in Resources */,
				72C0CEF12481403F00363A1A /* Complaining_you're lucky_LittleGirlGamer-www.FesliyanStudios.com.mp3 in Resources */,
				72C0CEE12481403F00363A1A /* Complaining_im going to rage quit_LittleGirlGamer-www.FesliyanStudios.com.mp3 in Resources */,
				72C0CEE92481403F00363A1A /* Complaining_you're hacking_LittleGirlGamer-www.FesliyanStudios.com.mp3 in Resources */,
				72C0CEC82481365600363A1A /* Taunt_GG YOU PWNED_LittleGirlGamer-www.FesliyanStudios.com.mp3 in Resources */,
				8240B535246C9546009DC5B4 /* Assets.xcassets in Resources */,
				72C0CEE62481403F00363A1A /* Whistling-Call-A1-www.fesliyanstudios.com.mp3 in Resources */,
				72C0CECD2481365600363A1A /* Taunt__haha pwned_LittleGirlGamer-www.FesliyanStudios.com.mp3 in Resources */,
				72C0CEF22481403F00363A1A /* Multiple-FireWorks-www.fesliyanstudios.com.mp3 in Resources */,
				72C0CEE32481403F00363A1A /* SoundSilk-rim-shot_01.mp3 in Resources */,
				72C0CEC12481365600363A1A /* Pig-Squealing-A-www.fesliyanstudios.com.mp3 in Resources */,
				8240B533246C9544009DC5B4 /* Main.storyboard in Resources */,
				72C0CEE52481403F00363A1A /* Complaining_I smell a hacker_LittleGirlGamer-www.FesliyanStudios.com.mp3 in Resources */,
				72C0CEE82481403F00363A1A /* Grunting-from-Being-Hit-A6-www.fesliyanstudios.com.mp3 in Resources */,
				72C0CEC02481365600363A1A /* Taunt_you got rekt_LittleGirlGamer-www.FesliyanStudios.com.mp3 in Resources */,
				72C0CEBE2481365600363A1A /* Funny-Scream-A1-www.fesliyanstudios.com.mp3 in Resources */,
				72C0CEEE2481403F00363A1A /* Ba-Bum-Tss-Joke-Drum-A4-www.fesliyanstudios.com.mp3 in Resources */,
			);
			runOnlyForDeploymentPostprocessing = 0;
		};
/* End PBXResourcesBuildPhase section */

/* Begin PBXSourcesBuildPhase section */
		8240B524246C9544009DC5B4 /* Sources */ = {
			isa = PBXSourcesBuildPhase;
			buildActionMask = 2147483647;
			files = (
				8240B548246EFBF8009DC5B4 /* QuestionModel.swift in Sources */,
				9789F2602474D1EC00B0651C /* WelcomeViewController.swift in Sources */,
				8240B530246C9544009DC5B4 /* ViewController.swift in Sources */,
				72A27F2B2474110400454578 /* CategoryManager.swift in Sources */,
				8240B52C246C9544009DC5B4 /* AppDelegate.swift in Sources */,
				72C0CEF4248140A500363A1A /* SoundManager.swift in Sources */,
				8240B540246CCFD7009DC5B4 /* SwiftUIView.swift in Sources */,
				8240B546246EF6FA009DC5B4 /* QuestionData.swift in Sources */,
				8240B543246EED59009DC5B4 /* QuestionManager.swift in Sources */,
				8240B52E246C9544009DC5B4 /* SceneDelegate.swift in Sources */,
				19C2E0E2247AC0E800E46A1B /* InsultManager.swift in Sources */,
				8240B54A246F48CA009DC5B4 /* QuizBrain.swift in Sources */,
			);
			runOnlyForDeploymentPostprocessing = 0;
		};
/* End PBXSourcesBuildPhase section */

/* Begin PBXVariantGroup section */
		8240B531246C9544009DC5B4 /* Main.storyboard */ = {
			isa = PBXVariantGroup;
			children = (
				8240B532246C9544009DC5B4 /* Base */,
			);
			name = Main.storyboard;
			sourceTree = "<group>";
		};
		8240B536246C9546009DC5B4 /* LaunchScreen.storyboard */ = {
			isa = PBXVariantGroup;
			children = (
				8240B537246C9546009DC5B4 /* Base */,
			);
			name = LaunchScreen.storyboard;
			sourceTree = "<group>";
		};
/* End PBXVariantGroup section */

/* Begin XCBuildConfiguration section */
		8240B53A246C9547009DC5B4 /* Debug */ = {
			isa = XCBuildConfiguration;
			buildSettings = {
				ALWAYS_SEARCH_USER_PATHS = NO;
				CLANG_ANALYZER_NONNULL = YES;
				CLANG_ANALYZER_NUMBER_OBJECT_CONVERSION = YES_AGGRESSIVE;
				CLANG_CXX_LANGUAGE_STANDARD = "gnu++14";
				CLANG_CXX_LIBRARY = "libc++";
				CLANG_ENABLE_MODULES = YES;
				CLANG_ENABLE_OBJC_ARC = YES;
				CLANG_ENABLE_OBJC_WEAK = YES;
				CLANG_WARN_BLOCK_CAPTURE_AUTORELEASING = YES;
				CLANG_WARN_BOOL_CONVERSION = YES;
				CLANG_WARN_COMMA = YES;
				CLANG_WARN_CONSTANT_CONVERSION = YES;
				CLANG_WARN_DEPRECATED_OBJC_IMPLEMENTATIONS = YES;
				CLANG_WARN_DIRECT_OBJC_ISA_USAGE = YES_ERROR;
				CLANG_WARN_DOCUMENTATION_COMMENTS = YES;
				CLANG_WARN_EMPTY_BODY = YES;
				CLANG_WARN_ENUM_CONVERSION = YES;
				CLANG_WARN_INFINITE_RECURSION = YES;
				CLANG_WARN_INT_CONVERSION = YES;
				CLANG_WARN_NON_LITERAL_NULL_CONVERSION = YES;
				CLANG_WARN_OBJC_IMPLICIT_RETAIN_SELF = YES;
				CLANG_WARN_OBJC_LITERAL_CONVERSION = YES;
				CLANG_WARN_OBJC_ROOT_CLASS = YES_ERROR;
				CLANG_WARN_RANGE_LOOP_ANALYSIS = YES;
				CLANG_WARN_STRICT_PROTOTYPES = YES;
				CLANG_WARN_SUSPICIOUS_MOVE = YES;
				CLANG_WARN_UNGUARDED_AVAILABILITY = YES_AGGRESSIVE;
				CLANG_WARN_UNREACHABLE_CODE = YES;
				CLANG_WARN__DUPLICATE_METHOD_MATCH = YES;
				COPY_PHASE_STRIP = NO;
				DEBUG_INFORMATION_FORMAT = dwarf;
				ENABLE_STRICT_OBJC_MSGSEND = YES;
				ENABLE_TESTABILITY = YES;
				GCC_C_LANGUAGE_STANDARD = gnu11;
				GCC_DYNAMIC_NO_PIC = NO;
				GCC_NO_COMMON_BLOCKS = YES;
				GCC_OPTIMIZATION_LEVEL = 0;
				GCC_PREPROCESSOR_DEFINITIONS = (
					"DEBUG=1",
					"$(inherited)",
				);
				GCC_WARN_64_TO_32_BIT_CONVERSION = YES;
				GCC_WARN_ABOUT_RETURN_TYPE = YES_ERROR;
				GCC_WARN_UNDECLARED_SELECTOR = YES;
				GCC_WARN_UNINITIALIZED_AUTOS = YES_AGGRESSIVE;
				GCC_WARN_UNUSED_FUNCTION = YES;
				GCC_WARN_UNUSED_VARIABLE = YES;
				IPHONEOS_DEPLOYMENT_TARGET = 13.4;
				MTL_ENABLE_DEBUG_INFO = INCLUDE_SOURCE;
				MTL_FAST_MATH = YES;
				ONLY_ACTIVE_ARCH = YES;
				SDKROOT = iphoneos;
				SWIFT_ACTIVE_COMPILATION_CONDITIONS = DEBUG;
				SWIFT_OPTIMIZATION_LEVEL = "-Onone";
			};
			name = Debug;
		};
		8240B53B246C9547009DC5B4 /* Release */ = {
			isa = XCBuildConfiguration;
			buildSettings = {
				ALWAYS_SEARCH_USER_PATHS = NO;
				CLANG_ANALYZER_NONNULL = YES;
				CLANG_ANALYZER_NUMBER_OBJECT_CONVERSION = YES_AGGRESSIVE;
				CLANG_CXX_LANGUAGE_STANDARD = "gnu++14";
				CLANG_CXX_LIBRARY = "libc++";
				CLANG_ENABLE_MODULES = YES;
				CLANG_ENABLE_OBJC_ARC = YES;
				CLANG_ENABLE_OBJC_WEAK = YES;
				CLANG_WARN_BLOCK_CAPTURE_AUTORELEASING = YES;
				CLANG_WARN_BOOL_CONVERSION = YES;
				CLANG_WARN_COMMA = YES;
				CLANG_WARN_CONSTANT_CONVERSION = YES;
				CLANG_WARN_DEPRECATED_OBJC_IMPLEMENTATIONS = YES;
				CLANG_WARN_DIRECT_OBJC_ISA_USAGE = YES_ERROR;
				CLANG_WARN_DOCUMENTATION_COMMENTS = YES;
				CLANG_WARN_EMPTY_BODY = YES;
				CLANG_WARN_ENUM_CONVERSION = YES;
				CLANG_WARN_INFINITE_RECURSION = YES;
				CLANG_WARN_INT_CONVERSION = YES;
				CLANG_WARN_NON_LITERAL_NULL_CONVERSION = YES;
				CLANG_WARN_OBJC_IMPLICIT_RETAIN_SELF = YES;
				CLANG_WARN_OBJC_LITERAL_CONVERSION = YES;
				CLANG_WARN_OBJC_ROOT_CLASS = YES_ERROR;
				CLANG_WARN_RANGE_LOOP_ANALYSIS = YES;
				CLANG_WARN_STRICT_PROTOTYPES = YES;
				CLANG_WARN_SUSPICIOUS_MOVE = YES;
				CLANG_WARN_UNGUARDED_AVAILABILITY = YES_AGGRESSIVE;
				CLANG_WARN_UNREACHABLE_CODE = YES;
				CLANG_WARN__DUPLICATE_METHOD_MATCH = YES;
				COPY_PHASE_STRIP = NO;
				DEBUG_INFORMATION_FORMAT = "dwarf-with-dsym";
				ENABLE_NS_ASSERTIONS = NO;
				ENABLE_STRICT_OBJC_MSGSEND = YES;
				GCC_C_LANGUAGE_STANDARD = gnu11;
				GCC_NO_COMMON_BLOCKS = YES;
				GCC_WARN_64_TO_32_BIT_CONVERSION = YES;
				GCC_WARN_ABOUT_RETURN_TYPE = YES_ERROR;
				GCC_WARN_UNDECLARED_SELECTOR = YES;
				GCC_WARN_UNINITIALIZED_AUTOS = YES_AGGRESSIVE;
				GCC_WARN_UNUSED_FUNCTION = YES;
				GCC_WARN_UNUSED_VARIABLE = YES;
				IPHONEOS_DEPLOYMENT_TARGET = 13.4;
				MTL_ENABLE_DEBUG_INFO = NO;
				MTL_FAST_MATH = YES;
				SDKROOT = iphoneos;
				SWIFT_COMPILATION_MODE = wholemodule;
				SWIFT_OPTIMIZATION_LEVEL = "-O";
				VALIDATE_PRODUCT = YES;
			};
			name = Release;
		};
		8240B53D246C9547009DC5B4 /* Debug */ = {
			isa = XCBuildConfiguration;
			buildSettings = {
				ASSETCATALOG_COMPILER_APPICON_NAME = AppIcon;
				CODE_SIGN_STYLE = Automatic;
				DEVELOPMENT_TEAM = Q9ZR292R7K;
				INFOPLIST_FILE = "Pop Quiz/Info.plist";
				IPHONEOS_DEPLOYMENT_TARGET = 13.0;
				LD_RUNPATH_SEARCH_PATHS = (
					"$(inherited)",
					"@executable_path/Frameworks",
				);
				PRODUCT_BUNDLE_IDENTIFIER = "com.charlieeison.Pop-Quiz";
				PRODUCT_NAME = "$(TARGET_NAME)";
				SWIFT_VERSION = 5.0;
				TARGETED_DEVICE_FAMILY = "1,2";
			};
			name = Debug;
		};
		8240B53E246C9547009DC5B4 /* Release */ = {
			isa = XCBuildConfiguration;
			buildSettings = {
				ASSETCATALOG_COMPILER_APPICON_NAME = AppIcon;
				CODE_SIGN_STYLE = Automatic;
				DEVELOPMENT_TEAM = Q9ZR292R7K;
				INFOPLIST_FILE = "Pop Quiz/Info.plist";
				IPHONEOS_DEPLOYMENT_TARGET = 13.0;
				LD_RUNPATH_SEARCH_PATHS = (
					"$(inherited)",
					"@executable_path/Frameworks",
				);
				PRODUCT_BUNDLE_IDENTIFIER = "com.charlieeison.Pop-Quiz";
				PRODUCT_NAME = "$(TARGET_NAME)";
				SWIFT_VERSION = 5.0;
				TARGETED_DEVICE_FAMILY = "1,2";
			};
			name = Release;
		};
/* End XCBuildConfiguration section */

/* Begin XCConfigurationList section */
		8240B523246C9544009DC5B4 /* Build configuration list for PBXProject "Pop Quiz" */ = {
			isa = XCConfigurationList;
			buildConfigurations = (
				8240B53A246C9547009DC5B4 /* Debug */,
				8240B53B246C9547009DC5B4 /* Release */,
			);
			defaultConfigurationIsVisible = 0;
			defaultConfigurationName = Release;
		};
		8240B53C246C9547009DC5B4 /* Build configuration list for PBXNativeTarget "Pop Quiz" */ = {
			isa = XCConfigurationList;
			buildConfigurations = (
				8240B53D246C9547009DC5B4 /* Debug */,
				8240B53E246C9547009DC5B4 /* Release */,
			);
			defaultConfigurationIsVisible = 0;
			defaultConfigurationName = Release;
		};
/* End XCConfigurationList section */
	};
	rootObject = 8240B520246C9544009DC5B4 /* Project object */;
}
